// !$*UTF8*$!
{
	archiveVersion = 1;
	classes = {
	};
	objectVersion = 77;
	objects = {

/* Begin PBXBuildFile section */
		AC8CA8972E93A15100EB9A79 /* AnalyticsKit in Frameworks */ = {isa = PBXBuildFile; productRef = AC8CA8962E93A15100EB9A79 /* AnalyticsKit */; };
		AC8CA89A2E93A16500EB9A79 /* BudgetEngine in Frameworks */ = {isa = PBXBuildFile; productRef = AC8CA8992E93A16500EB9A79 /* BudgetEngine */; };
		AC8CA89D2E93A17A00EB9A79 /* CoreTypes in Frameworks */ = {isa = PBXBuildFile; productRef = AC8CA89C2E93A17A00EB9A79 /* CoreTypes */; };
		AC8CA8A02E93A18500EB9A79 /* DesignSystem in Frameworks */ = {isa = PBXBuildFile; productRef = AC8CA89F2E93A18500EB9A79 /* DesignSystem */; };
		AC8CA8A32E93A19400EB9A79 /* FeatureFlags in Frameworks */ = {isa = PBXBuildFile; productRef = AC8CA8A22E93A19400EB9A79 /* FeatureFlags */; };
		AC8CA8A62E93A1A700EB9A79 /* LoggingKit in Frameworks */ = {isa = PBXBuildFile; productRef = AC8CA8A52E93A1A700EB9A79 /* LoggingKit */; };
		AC8CA8A92E93A1BA00EB9A79 /* VisionOCRKit in Frameworks */ = {isa = PBXBuildFile; productRef = AC8CA8A82E93A1BA00EB9A79 /* VisionOCRKit */; };
		AC8CA8AC2E93A1C500EB9A79 /* PersistenceKit in Frameworks */ = {isa = PBXBuildFile; productRef = AC8CA8AB2E93A1C500EB9A79 /* PersistenceKit */; };
/* End PBXBuildFile section */

/* Begin PBXContainerItemProxy section */
		AC8CA8792E93A11F00EB9A79 /* PBXContainerItemProxy */ = {
			isa = PBXContainerItemProxy;
			containerPortal = AC8CA8612E93A11E00EB9A79 /* Project object */;
			proxyType = 1;
			remoteGlobalIDString = AC8CA8682E93A11E00EB9A79;
			remoteInfo = WalletApp;
		};
		AC8CA8832E93A11F00EB9A79 /* PBXContainerItemProxy */ = {
			isa = PBXContainerItemProxy;
			containerPortal = AC8CA8612E93A11E00EB9A79 /* Project object */;
			proxyType = 1;
			remoteGlobalIDString = AC8CA8682E93A11E00EB9A79;
			remoteInfo = WalletApp;
		};
/* End PBXContainerItemProxy section */

/* Begin PBXFileReference section */
		AC8CA8692E93A11E00EB9A79 /* WalletApp.app */ = {isa = PBXFileReference; explicitFileType = wrapper.application; includeInIndex = 0; path = WalletApp.app; sourceTree = BUILT_PRODUCTS_DIR; };
		AC8CA8782E93A11F00EB9A79 /* WalletAppTests.xctest */ = {isa = PBXFileReference; explicitFileType = wrapper.cfbundle; includeInIndex = 0; path = WalletAppTests.xctest; sourceTree = BUILT_PRODUCTS_DIR; };
		AC8CA8822E93A11F00EB9A79 /* WalletAppUITests.xctest */ = {isa = PBXFileReference; explicitFileType = wrapper.cfbundle; includeInIndex = 0; path = WalletAppUITests.xctest; sourceTree = BUILT_PRODUCTS_DIR; };
/* End PBXFileReference section */

/* Begin PBXFileSystemSynchronizedRootGroup section */
		AC8CA86B2E93A11E00EB9A79 /* WalletApp */ = {
			isa = PBXFileSystemSynchronizedRootGroup;
			path = WalletApp;
			sourceTree = "<group>";
		};
		AC8CA87B2E93A11F00EB9A79 /* WalletAppTests */ = {
			isa = PBXFileSystemSynchronizedRootGroup;
			path = WalletAppTests;
			sourceTree = "<group>";
		};
		AC8CA8852E93A11F00EB9A79 /* WalletAppUITests */ = {
			isa = PBXFileSystemSynchronizedRootGroup;
			path = WalletAppUITests;
			sourceTree = "<group>";
		};
/* End PBXFileSystemSynchronizedRootGroup section */

/* Begin PBXFrameworksBuildPhase section */
		AC8CA8662E93A11E00EB9A79 /* Frameworks */ = {
			isa = PBXFrameworksBuildPhase;
			buildActionMask = 2147483647;
			files = (
				AC8CA8A32E93A19400EB9A79 /* FeatureFlags in Frameworks */,
				AC8CA8A62E93A1A700EB9A79 /* LoggingKit in Frameworks */,
				AC8CA8972E93A15100EB9A79 /* AnalyticsKit in Frameworks */,
				AC8CA8AC2E93A1C500EB9A79 /* PersistenceKit in Frameworks */,
				AC8CA89D2E93A17A00EB9A79 /* CoreTypes in Frameworks */,
				AC8CA89A2E93A16500EB9A79 /* BudgetEngine in Frameworks */,
				AC8CA8A02E93A18500EB9A79 /* DesignSystem in Frameworks */,
				AC8CA8A92E93A1BA00EB9A79 /* VisionOCRKit in Frameworks */,
			);
			runOnlyForDeploymentPostprocessing = 0;
		};
		AC8CA8752E93A11F00EB9A79 /* Frameworks */ = {
			isa = PBXFrameworksBuildPhase;
			buildActionMask = 2147483647;
			files = (
			);
			runOnlyForDeploymentPostprocessing = 0;
		};
		AC8CA87F2E93A11F00EB9A79 /* Frameworks */ = {
			isa = PBXFrameworksBuildPhase;
			buildActionMask = 2147483647;
			files = (
			);
			runOnlyForDeploymentPostprocessing = 0;
		};
/* End PBXFrameworksBuildPhase section */

/* Begin PBXGroup section */
		AC8CA8602E93A11E00EB9A79 = {
			isa = PBXGroup;
			children = (
				AC8CA86B2E93A11E00EB9A79 /* WalletApp */,
				AC8CA87B2E93A11F00EB9A79 /* WalletAppTests */,
				AC8CA8852E93A11F00EB9A79 /* WalletAppUITests */,
				AC8CA86A2E93A11E00EB9A79 /* Products */,
			);
			sourceTree = "<group>";
		};
		AC8CA86A2E93A11E00EB9A79 /* Products */ = {
			isa = PBXGroup;
			children = (
				AC8CA8692E93A11E00EB9A79 /* WalletApp.app */,
				AC8CA8782E93A11F00EB9A79 /* WalletAppTests.xctest */,
				AC8CA8822E93A11F00EB9A79 /* WalletAppUITests.xctest */,
			);
			name = Products;
			sourceTree = "<group>";
		};
/* End PBXGroup section */

/* Begin PBXNativeTarget section */
		AC8CA8682E93A11E00EB9A79 /* WalletApp */ = {
			isa = PBXNativeTarget;
			buildConfigurationList = AC8CA88C2E93A11F00EB9A79 /* Build configuration list for PBXNativeTarget "WalletApp" */;
			buildPhases = (
				AC8CA8652E93A11E00EB9A79 /* Sources */,
				AC8CA8662E93A11E00EB9A79 /* Frameworks */,
				AC8CA8672E93A11E00EB9A79 /* Resources */,
			);
			buildRules = (
			);
			dependencies = (
			);
			fileSystemSynchronizedGroups = (
				AC8CA86B2E93A11E00EB9A79 /* WalletApp */,
			);
			name = WalletApp;
			packageProductDependencies = (
				AC8CA8962E93A15100EB9A79 /* AnalyticsKit */,
				AC8CA8992E93A16500EB9A79 /* BudgetEngine */,
				AC8CA89C2E93A17A00EB9A79 /* CoreTypes */,
				AC8CA89F2E93A18500EB9A79 /* DesignSystem */,
				AC8CA8A22E93A19400EB9A79 /* FeatureFlags */,
				AC8CA8A52E93A1A700EB9A79 /* LoggingKit */,
				AC8CA8A82E93A1BA00EB9A79 /* VisionOCRKit */,
				AC8CA8AB2E93A1C500EB9A79 /* PersistenceKit */,
			);
			productName = WalletApp;
			productReference = AC8CA8692E93A11E00EB9A79 /* WalletApp.app */;
			productType = "com.apple.product-type.application";
		};
		AC8CA8772E93A11F00EB9A79 /* WalletAppTests */ = {
			isa = PBXNativeTarget;
			buildConfigurationList = AC8CA88F2E93A11F00EB9A79 /* Build configuration list for PBXNativeTarget "WalletAppTests" */;
			buildPhases = (
				AC8CA8742E93A11F00EB9A79 /* Sources */,
				AC8CA8752E93A11F00EB9A79 /* Frameworks */,
				AC8CA8762E93A11F00EB9A79 /* Resources */,
			);
			buildRules = (
			);
			dependencies = (
				AC8CA87A2E93A11F00EB9A79 /* PBXTargetDependency */,
			);
			fileSystemSynchronizedGroups = (
				AC8CA87B2E93A11F00EB9A79 /* WalletAppTests */,
			);
			name = WalletAppTests;
			packageProductDependencies = (
			);
			productName = WalletAppTests;
			productReference = AC8CA8782E93A11F00EB9A79 /* WalletAppTests.xctest */;
			productType = "com.apple.product-type.bundle.unit-test";
		};
		AC8CA8812E93A11F00EB9A79 /* WalletAppUITests */ = {
			isa = PBXNativeTarget;
			buildConfigurationList = AC8CA8922E93A11F00EB9A79 /* Build configuration list for PBXNativeTarget "WalletAppUITests" */;
			buildPhases = (
				AC8CA87E2E93A11F00EB9A79 /* Sources */,
				AC8CA87F2E93A11F00EB9A79 /* Frameworks */,
				AC8CA8802E93A11F00EB9A79 /* Resources */,
			);
			buildRules = (
			);
			dependencies = (
				AC8CA8842E93A11F00EB9A79 /* PBXTargetDependency */,
			);
			fileSystemSynchronizedGroups = (
				AC8CA8852E93A11F00EB9A79 /* WalletAppUITests */,
			);
			name = WalletAppUITests;
			packageProductDependencies = (
			);
			productName = WalletAppUITests;
			productReference = AC8CA8822E93A11F00EB9A79 /* WalletAppUITests.xctest */;
			productType = "com.apple.product-type.bundle.ui-testing";
		};
/* End PBXNativeTarget section */

/* Begin PBXProject section */
		AC8CA8612E93A11E00EB9A79 /* Project object */ = {
			isa = PBXProject;
			attributes = {
				BuildIndependentTargetsInParallel = 1;
				LastSwiftUpdateCheck = 2600;
				LastUpgradeCheck = 2600;
				TargetAttributes = {
					AC8CA8682E93A11E00EB9A79 = {
						CreatedOnToolsVersion = 26.0.1;
					};
					AC8CA8772E93A11F00EB9A79 = {
						CreatedOnToolsVersion = 26.0.1;
						TestTargetID = AC8CA8682E93A11E00EB9A79;
					};
					AC8CA8812E93A11F00EB9A79 = {
						CreatedOnToolsVersion = 26.0.1;
						TestTargetID = AC8CA8682E93A11E00EB9A79;
					};
				};
			};
			buildConfigurationList = AC8CA8642E93A11E00EB9A79 /* Build configuration list for PBXProject "WalletApp" */;
			developmentRegion = en;
			hasScannedForEncodings = 0;
			knownRegions = (
				en,
				Base,
			);
			mainGroup = AC8CA8602E93A11E00EB9A79;
			minimizedProjectReferenceProxies = 1;
			packageReferences = (
				AC8CA8952E93A15100EB9A79 /* XCLocalSwiftPackageReference "../../Packages/AnalyticsKit" */,
				AC8CA8982E93A16500EB9A79 /* XCLocalSwiftPackageReference "../../Packages/BudgetEngine" */,
				AC8CA89B2E93A17A00EB9A79 /* XCLocalSwiftPackageReference "../../Packages/CoreTypes" */,
				AC8CA89E2E93A18500EB9A79 /* XCLocalSwiftPackageReference "../../Packages/DesignSystem" */,
				AC8CA8A12E93A19400EB9A79 /* XCLocalSwiftPackageReference "../../Packages/FeatureFlags" */,
				AC8CA8A42E93A1A700EB9A79 /* XCLocalSwiftPackageReference "../../Packages/LoggingKit" */,
				AC8CA8A72E93A1BA00EB9A79 /* XCLocalSwiftPackageReference "../../Packages/VisionOCRKit" */,
				AC8CA8AA2E93A1C500EB9A79 /* XCLocalSwiftPackageReference "../../Packages/PersistenceKit" */,
			);
			preferredProjectObjectVersion = 77;
			productRefGroup = AC8CA86A2E93A11E00EB9A79 /* Products */;
			projectDirPath = "";
			projectRoot = "";
			targets = (
				AC8CA8682E93A11E00EB9A79 /* WalletApp */,
				AC8CA8772E93A11F00EB9A79 /* WalletAppTests */,
				AC8CA8812E93A11F00EB9A79 /* WalletAppUITests */,
			);
		};
/* End PBXProject section */

/* Begin PBXResourcesBuildPhase section */
		AC8CA8672E93A11E00EB9A79 /* Resources */ = {
			isa = PBXResourcesBuildPhase;
			buildActionMask = 2147483647;
			files = (
			);
			runOnlyForDeploymentPostprocessing = 0;
		};
		AC8CA8762E93A11F00EB9A79 /* Resources */ = {
			isa = PBXResourcesBuildPhase;
			buildActionMask = 2147483647;
			files = (
			);
			runOnlyForDeploymentPostprocessing = 0;
		};
		AC8CA8802E93A11F00EB9A79 /* Resources */ = {
			isa = PBXResourcesBuildPhase;
			buildActionMask = 2147483647;
			files = (
			);
			runOnlyForDeploymentPostprocessing = 0;
		};
/* End PBXResourcesBuildPhase section */

/* Begin PBXSourcesBuildPhase section */
		AC8CA8652E93A11E00EB9A79 /* Sources */ = {
			isa = PBXSourcesBuildPhase;
			buildActionMask = 2147483647;
			files = (
			);
			runOnlyForDeploymentPostprocessing = 0;
		};
		AC8CA8742E93A11F00EB9A79 /* Sources */ = {
			isa = PBXSourcesBuildPhase;
			buildActionMask = 2147483647;
			files = (
			);
			runOnlyForDeploymentPostprocessing = 0;
		};
		AC8CA87E2E93A11F00EB9A79 /* Sources */ = {
			isa = PBXSourcesBuildPhase;
			buildActionMask = 2147483647;
			files = (
			);
			runOnlyForDeploymentPostprocessing = 0;
		};
/* End PBXSourcesBuildPhase section */

/* Begin PBXTargetDependency section */
		AC8CA87A2E93A11F00EB9A79 /* PBXTargetDependency */ = {
			isa = PBXTargetDependency;
			target = AC8CA8682E93A11E00EB9A79 /* WalletApp */;
			targetProxy = AC8CA8792E93A11F00EB9A79 /* PBXContainerItemProxy */;
		};
		AC8CA8842E93A11F00EB9A79 /* PBXTargetDependency */ = {
			isa = PBXTargetDependency;
			target = AC8CA8682E93A11E00EB9A79 /* WalletApp */;
			targetProxy = AC8CA8832E93A11F00EB9A79 /* PBXContainerItemProxy */;
		};
/* End PBXTargetDependency section */

/* Begin XCBuildConfiguration section */
		AC8CA88A2E93A11F00EB9A79 /* Debug */ = {
			isa = XCBuildConfiguration;
			buildSettings = {
				ALWAYS_SEARCH_USER_PATHS = NO;
				ASSETCATALOG_COMPILER_GENERATE_SWIFT_ASSET_SYMBOL_EXTENSIONS = YES;
				CLANG_ANALYZER_NONNULL = YES;
				CLANG_ANALYZER_NUMBER_OBJECT_CONVERSION = YES_AGGRESSIVE;
				CLANG_CXX_LANGUAGE_STANDARD = "gnu++20";
				CLANG_ENABLE_MODULES = YES;
				CLANG_ENABLE_OBJC_ARC = YES;
				CLANG_ENABLE_OBJC_WEAK = YES;
				CLANG_WARN_BLOCK_CAPTURE_AUTORELEASING = YES;
				CLANG_WARN_BOOL_CONVERSION = YES;
				CLANG_WARN_COMMA = YES;
				CLANG_WARN_CONSTANT_CONVERSION = YES;
				CLANG_WARN_DEPRECATED_OBJC_IMPLEMENTATIONS = YES;
				CLANG_WARN_DIRECT_OBJC_ISA_USAGE = YES_ERROR;
				CLANG_WARN_DOCUMENTATION_COMMENTS = YES;
				CLANG_WARN_EMPTY_BODY = YES;
				CLANG_WARN_ENUM_CONVERSION = YES;
				CLANG_WARN_INFINITE_RECURSION = YES;
				CLANG_WARN_INT_CONVERSION = YES;
				CLANG_WARN_NON_LITERAL_NULL_CONVERSION = YES;
				CLANG_WARN_OBJC_IMPLICIT_RETAIN_SELF = YES;
				CLANG_WARN_OBJC_LITERAL_CONVERSION = YES;
				CLANG_WARN_OBJC_ROOT_CLASS = YES_ERROR;
				CLANG_WARN_QUOTED_INCLUDE_IN_FRAMEWORK_HEADER = YES;
				CLANG_WARN_RANGE_LOOP_ANALYSIS = YES;
				CLANG_WARN_STRICT_PROTOTYPES = YES;
				CLANG_WARN_SUSPICIOUS_MOVE = YES;
				CLANG_WARN_UNGUARDED_AVAILABILITY = YES_AGGRESSIVE;
				CLANG_WARN_UNREACHABLE_CODE = YES;
				CLANG_WARN__DUPLICATE_METHOD_MATCH = YES;
				COPY_PHASE_STRIP = NO;
				DEBUG_INFORMATION_FORMAT = dwarf;
				ENABLE_STRICT_OBJC_MSGSEND = YES;
				ENABLE_TESTABILITY = YES;
				ENABLE_USER_SCRIPT_SANDBOXING = YES;
				GCC_C_LANGUAGE_STANDARD = gnu17;
				GCC_DYNAMIC_NO_PIC = NO;
				GCC_NO_COMMON_BLOCKS = YES;
				GCC_OPTIMIZATION_LEVEL = 0;
				GCC_PREPROCESSOR_DEFINITIONS = (
					"DEBUG=1",
					"$(inherited)",
				);
				GCC_WARN_64_TO_32_BIT_CONVERSION = YES;
				GCC_WARN_ABOUT_RETURN_TYPE = YES_ERROR;
				GCC_WARN_UNDECLARED_SELECTOR = YES;
				GCC_WARN_UNINITIALIZED_AUTOS = YES_AGGRESSIVE;
				GCC_WARN_UNUSED_FUNCTION = YES;
				GCC_WARN_UNUSED_VARIABLE = YES;
				IPHONEOS_DEPLOYMENT_TARGET = 26.0;
				LOCALIZATION_PREFERS_STRING_CATALOGS = YES;
				MTL_ENABLE_DEBUG_INFO = INCLUDE_SOURCE;
				MTL_FAST_MATH = YES;
				ONLY_ACTIVE_ARCH = YES;
				SDKROOT = iphoneos;
				SWIFT_ACTIVE_COMPILATION_CONDITIONS = "DEBUG $(inherited)";
				SWIFT_OPTIMIZATION_LEVEL = "-Onone";
			};
			name = Debug;
		};
		AC8CA88B2E93A11F00EB9A79 /* Release */ = {
			isa = XCBuildConfiguration;
			buildSettings = {
				ALWAYS_SEARCH_USER_PATHS = NO;
				ASSETCATALOG_COMPILER_GENERATE_SWIFT_ASSET_SYMBOL_EXTENSIONS = YES;
				CLANG_ANALYZER_NONNULL = YES;
				CLANG_ANALYZER_NUMBER_OBJECT_CONVERSION = YES_AGGRESSIVE;
				CLANG_CXX_LANGUAGE_STANDARD = "gnu++20";
				CLANG_ENABLE_MODULES = YES;
				CLANG_ENABLE_OBJC_ARC = YES;
				CLANG_ENABLE_OBJC_WEAK = YES;
				CLANG_WARN_BLOCK_CAPTURE_AUTORELEASING = YES;
				CLANG_WARN_BOOL_CONVERSION = YES;
				CLANG_WARN_COMMA = YES;
				CLANG_WARN_CONSTANT_CONVERSION = YES;
				CLANG_WARN_DEPRECATED_OBJC_IMPLEMENTATIONS = YES;
				CLANG_WARN_DIRECT_OBJC_ISA_USAGE = YES_ERROR;
				CLANG_WARN_DOCUMENTATION_COMMENTS = YES;
				CLANG_WARN_EMPTY_BODY = YES;
				CLANG_WARN_ENUM_CONVERSION = YES;
				CLANG_WARN_INFINITE_RECURSION = YES;
				CLANG_WARN_INT_CONVERSION = YES;
				CLANG_WARN_NON_LITERAL_NULL_CONVERSION = YES;
				CLANG_WARN_OBJC_IMPLICIT_RETAIN_SELF = YES;
				CLANG_WARN_OBJC_LITERAL_CONVERSION = YES;
				CLANG_WARN_OBJC_ROOT_CLASS = YES_ERROR;
				CLANG_WARN_QUOTED_INCLUDE_IN_FRAMEWORK_HEADER = YES;
				CLANG_WARN_RANGE_LOOP_ANALYSIS = YES;
				CLANG_WARN_STRICT_PROTOTYPES = YES;
				CLANG_WARN_SUSPICIOUS_MOVE = YES;
				CLANG_WARN_UNGUARDED_AVAILABILITY = YES_AGGRESSIVE;
				CLANG_WARN_UNREACHABLE_CODE = YES;
				CLANG_WARN__DUPLICATE_METHOD_MATCH = YES;
				COPY_PHASE_STRIP = NO;
				DEBUG_INFORMATION_FORMAT = "dwarf-with-dsym";
				ENABLE_NS_ASSERTIONS = NO;
				ENABLE_STRICT_OBJC_MSGSEND = YES;
				ENABLE_USER_SCRIPT_SANDBOXING = YES;
				GCC_C_LANGUAGE_STANDARD = gnu17;
				GCC_NO_COMMON_BLOCKS = YES;
				GCC_WARN_64_TO_32_BIT_CONVERSION = YES;
				GCC_WARN_ABOUT_RETURN_TYPE = YES_ERROR;
				GCC_WARN_UNDECLARED_SELECTOR = YES;
				GCC_WARN_UNINITIALIZED_AUTOS = YES_AGGRESSIVE;
				GCC_WARN_UNUSED_FUNCTION = YES;
				GCC_WARN_UNUSED_VARIABLE = YES;
				IPHONEOS_DEPLOYMENT_TARGET = 26.0;
				LOCALIZATION_PREFERS_STRING_CATALOGS = YES;
				MTL_ENABLE_DEBUG_INFO = NO;
				MTL_FAST_MATH = YES;
				SDKROOT = iphoneos;
				SWIFT_COMPILATION_MODE = wholemodule;
				VALIDATE_PRODUCT = YES;
			};
			name = Release;
		};
		AC8CA88D2E93A11F00EB9A79 /* Debug */ = {
			isa = XCBuildConfiguration;
			buildSettings = {
				ASSETCATALOG_COMPILER_APPICON_NAME = AppIcon;
				ASSETCATALOG_COMPILER_GLOBAL_ACCENT_COLOR_NAME = AccentColor;
				CODE_SIGN_STYLE = Automatic;
				CURRENT_PROJECT_VERSION = 1;
				ENABLE_PREVIEWS = YES;
				GENERATE_INFOPLIST_FILE = YES;
				INFOPLIST_KEY_UIApplicationSceneManifest_Generation = YES;
				INFOPLIST_KEY_UIApplicationSupportsIndirectInputEvents = YES;
				INFOPLIST_KEY_UILaunchScreen_Generation = YES;
				INFOPLIST_KEY_UISupportedInterfaceOrientations_iPad = "UIInterfaceOrientationPortrait UIInterfaceOrientationPortraitUpsideDown UIInterfaceOrientationLandscapeLeft UIInterfaceOrientationLandscapeRight";
				INFOPLIST_KEY_UISupportedInterfaceOrientations_iPhone = "UIInterfaceOrientationPortrait UIInterfaceOrientationLandscapeLeft UIInterfaceOrientationLandscapeRight";
				LD_RUNPATH_SEARCH_PATHS = (
					"$(inherited)",
					"@executable_path/Frameworks",
				);
				MARKETING_VERSION = 1.0;
				PRODUCT_BUNDLE_IDENTIFIER = com.weatherapp.mobile.WalletApp;
				PRODUCT_NAME = "$(TARGET_NAME)";
				STRING_CATALOG_GENERATE_SYMBOLS = YES;
				SUPPORTED_PLATFORMS = "iphoneos iphonesimulator";
				SUPPORTS_MACCATALYST = NO;
				SUPPORTS_MAC_DESIGNED_FOR_IPHONE_IPAD = NO;
				SUPPORTS_XR_DESIGNED_FOR_IPHONE_IPAD = NO;
				SWIFT_APPROACHABLE_CONCURRENCY = YES;
				SWIFT_DEFAULT_ACTOR_ISOLATION = MainActor;
				SWIFT_EMIT_LOC_STRINGS = YES;
				SWIFT_UPCOMING_FEATURE_MEMBER_IMPORT_VISIBILITY = YES;
				SWIFT_VERSION = 5.0;
				TARGETED_DEVICE_FAMILY = 1;
			};
			name = Debug;
		};
		AC8CA88E2E93A11F00EB9A79 /* Release */ = {
			isa = XCBuildConfiguration;
			buildSettings = {
				ASSETCATALOG_COMPILER_APPICON_NAME = AppIcon;
				ASSETCATALOG_COMPILER_GLOBAL_ACCENT_COLOR_NAME = AccentColor;
				CODE_SIGN_STYLE = Automatic;
				CURRENT_PROJECT_VERSION = 1;
				ENABLE_PREVIEWS = YES;
				GENERATE_INFOPLIST_FILE = YES;
				INFOPLIST_KEY_UIApplicationSceneManifest_Generation = YES;
				INFOPLIST_KEY_UIApplicationSupportsIndirectInputEvents = YES;
				INFOPLIST_KEY_UILaunchScreen_Generation = YES;
				INFOPLIST_KEY_UISupportedInterfaceOrientations_iPad = "UIInterfaceOrientationPortrait UIInterfaceOrientationPortraitUpsideDown UIInterfaceOrientationLandscapeLeft UIInterfaceOrientationLandscapeRight";
				INFOPLIST_KEY_UISupportedInterfaceOrientations_iPhone = "UIInterfaceOrientationPortrait UIInterfaceOrientationLandscapeLeft UIInterfaceOrientationLandscapeRight";
				LD_RUNPATH_SEARCH_PATHS = (
					"$(inherited)",
					"@executable_path/Frameworks",
				);
				MARKETING_VERSION = 1.0;
				PRODUCT_BUNDLE_IDENTIFIER = com.weatherapp.mobile.WalletApp;
				PRODUCT_NAME = "$(TARGET_NAME)";
				STRING_CATALOG_GENERATE_SYMBOLS = YES;
				SUPPORTED_PLATFORMS = "iphoneos iphonesimulator";
				SUPPORTS_MACCATALYST = NO;
				SUPPORTS_MAC_DESIGNED_FOR_IPHONE_IPAD = NO;
				SUPPORTS_XR_DESIGNED_FOR_IPHONE_IPAD = NO;
				SWIFT_APPROACHABLE_CONCURRENCY = YES;
				SWIFT_DEFAULT_ACTOR_ISOLATION = MainActor;
				SWIFT_EMIT_LOC_STRINGS = YES;
				SWIFT_UPCOMING_FEATURE_MEMBER_IMPORT_VISIBILITY = YES;
				SWIFT_VERSION = 5.0;
				TARGETED_DEVICE_FAMILY = 1;
			};
			name = Release;
		};
		AC8CA8902E93A11F00EB9A79 /* Debug */ = {
			isa = XCBuildConfiguration;
			buildSettings = {
				BUNDLE_LOADER = "$(TEST_HOST)";
				CODE_SIGN_STYLE = Automatic;
				CURRENT_PROJECT_VERSION = 1;
				GENERATE_INFOPLIST_FILE = YES;
				IPHONEOS_DEPLOYMENT_TARGET = 26.0;
				MARKETING_VERSION = 1.0;
				PRODUCT_BUNDLE_IDENTIFIER = com.weatherapp.mobile.WalletAppTests;
				PRODUCT_NAME = "$(TARGET_NAME)";
				STRING_CATALOG_GENERATE_SYMBOLS = NO;
				SWIFT_APPROACHABLE_CONCURRENCY = YES;
				SWIFT_EMIT_LOC_STRINGS = NO;
				SWIFT_UPCOMING_FEATURE_MEMBER_IMPORT_VISIBILITY = YES;
				SWIFT_VERSION = 5.0;
				TARGETED_DEVICE_FAMILY = "1,2";
				TEST_HOST = "$(BUILT_PRODUCTS_DIR)/WalletApp.app/$(BUNDLE_EXECUTABLE_FOLDER_PATH)/WalletApp";
			};
			name = Debug;
		};
		AC8CA8912E93A11F00EB9A79 /* Release */ = {
			isa = XCBuildConfiguration;
			buildSettings = {
				BUNDLE_LOADER = "$(TEST_HOST)";
				CODE_SIGN_STYLE = Automatic;
				CURRENT_PROJECT_VERSION = 1;
				GENERATE_INFOPLIST_FILE = YES;
				IPHONEOS_DEPLOYMENT_TARGET = 26.0;
				MARKETING_VERSION = 1.0;
				PRODUCT_BUNDLE_IDENTIFIER = com.weatherapp.mobile.WalletAppTests;
				PRODUCT_NAME = "$(TARGET_NAME)";
				STRING_CATALOG_GENERATE_SYMBOLS = NO;
				SWIFT_APPROACHABLE_CONCURRENCY = YES;
				SWIFT_EMIT_LOC_STRINGS = NO;
				SWIFT_UPCOMING_FEATURE_MEMBER_IMPORT_VISIBILITY = YES;
				SWIFT_VERSION = 5.0;
				TARGETED_DEVICE_FAMILY = "1,2";
				TEST_HOST = "$(BUILT_PRODUCTS_DIR)/WalletApp.app/$(BUNDLE_EXECUTABLE_FOLDER_PATH)/WalletApp";
			};
			name = Release;
		};
		AC8CA8932E93A11F00EB9A79 /* Debug */ = {
			isa = XCBuildConfiguration;
			buildSettings = {
				CODE_SIGN_STYLE = Automatic;
				CURRENT_PROJECT_VERSION = 1;
				GENERATE_INFOPLIST_FILE = YES;
				MARKETING_VERSION = 1.0;
				PRODUCT_BUNDLE_IDENTIFIER = com.weatherapp.mobile.WalletAppUITests;
				PRODUCT_NAME = "$(TARGET_NAME)";
				STRING_CATALOG_GENERATE_SYMBOLS = NO;
				SWIFT_APPROACHABLE_CONCURRENCY = YES;
				SWIFT_EMIT_LOC_STRINGS = NO;
				SWIFT_UPCOMING_FEATURE_MEMBER_IMPORT_VISIBILITY = YES;
				SWIFT_VERSION = 5.0;
				TARGETED_DEVICE_FAMILY = "1,2";
				TEST_TARGET_NAME = WalletApp;
			};
			name = Debug;
		};
		AC8CA8942E93A11F00EB9A79 /* Release */ = {
			isa = XCBuildConfiguration;
			buildSettings = {
				CODE_SIGN_STYLE = Automatic;
				CURRENT_PROJECT_VERSION = 1;
				GENERATE_INFOPLIST_FILE = YES;
				MARKETING_VERSION = 1.0;
				PRODUCT_BUNDLE_IDENTIFIER = com.weatherapp.mobile.WalletAppUITests;
				PRODUCT_NAME = "$(TARGET_NAME)";
				STRING_CATALOG_GENERATE_SYMBOLS = NO;
				SWIFT_APPROACHABLE_CONCURRENCY = YES;
				SWIFT_EMIT_LOC_STRINGS = NO;
				SWIFT_UPCOMING_FEATURE_MEMBER_IMPORT_VISIBILITY = YES;
				SWIFT_VERSION = 5.0;
				TARGETED_DEVICE_FAMILY = "1,2";
				TEST_TARGET_NAME = WalletApp;
			};
			name = Release;
		};
/* End XCBuildConfiguration section */

/* Begin XCConfigurationList section */
		AC8CA8642E93A11E00EB9A79 /* Build configuration list for PBXProject "WalletApp" */ = {
			isa = XCConfigurationList;
			buildConfigurations = (
				AC8CA88A2E93A11F00EB9A79 /* Debug */,
				AC8CA88B2E93A11F00EB9A79 /* Release */,
			);
			defaultConfigurationIsVisible = 0;
			defaultConfigurationName = Release;
		};
		AC8CA88C2E93A11F00EB9A79 /* Build configuration list for PBXNativeTarget "WalletApp" */ = {
			isa = XCConfigurationList;
			buildConfigurations = (
				AC8CA88D2E93A11F00EB9A79 /* Debug */,
				AC8CA88E2E93A11F00EB9A79 /* Release */,
			);
			defaultConfigurationIsVisible = 0;
			defaultConfigurationName = Release;
		};
		AC8CA88F2E93A11F00EB9A79 /* Build configuration list for PBXNativeTarget "WalletAppTests" */ = {
			isa = XCConfigurationList;
			buildConfigurations = (
				AC8CA8902E93A11F00EB9A79 /* Debug */,
				AC8CA8912E93A11F00EB9A79 /* Release */,
			);
			defaultConfigurationIsVisible = 0;
			defaultConfigurationName = Release;
		};
		AC8CA8922E93A11F00EB9A79 /* Build configuration list for PBXNativeTarget "WalletAppUITests" */ = {
			isa = XCConfigurationList;
			buildConfigurations = (
				AC8CA8932E93A11F00EB9A79 /* Debug */,
				AC8CA8942E93A11F00EB9A79 /* Release */,
			);
			defaultConfigurationIsVisible = 0;
			defaultConfigurationName = Release;
		};
/* End XCConfigurationList section */

/* Begin XCLocalSwiftPackageReference section */
		AC8CA8952E93A15100EB9A79 /* XCLocalSwiftPackageReference "../../Packages/AnalyticsKit" */ = {
			isa = XCLocalSwiftPackageReference;
			relativePath = ../../Packages/AnalyticsKit;
		};
		AC8CA8982E93A16500EB9A79 /* XCLocalSwiftPackageReference "../../Packages/BudgetEngine" */ = {
			isa = XCLocalSwiftPackageReference;
			relativePath = ../../Packages/BudgetEngine;
		};
		AC8CA89B2E93A17A00EB9A79 /* XCLocalSwiftPackageReference "../../Packages/CoreTypes" */ = {
			isa = XCLocalSwiftPackageReference;
			relativePath = ../../Packages/CoreTypes;
		};
		AC8CA89E2E93A18500EB9A79 /* XCLocalSwiftPackageReference "../../Packages/DesignSystem" */ = {
			isa = XCLocalSwiftPackageReference;
			relativePath = ../../Packages/DesignSystem;
		};
		AC8CA8A12E93A19400EB9A79 /* XCLocalSwiftPackageReference "../../Packages/FeatureFlags" */ = {
			isa = XCLocalSwiftPackageReference;
			relativePath = ../../Packages/FeatureFlags;
		};
		AC8CA8A42E93A1A700EB9A79 /* XCLocalSwiftPackageReference "../../Packages/LoggingKit" */ = {
			isa = XCLocalSwiftPackageReference;
			relativePath = ../../Packages/LoggingKit;
		};
		AC8CA8A72E93A1BA00EB9A79 /* XCLocalSwiftPackageReference "../../Packages/VisionOCRKit" */ = {
			isa = XCLocalSwiftPackageReference;
			relativePath = ../../Packages/VisionOCRKit;
		};
		AC8CA8AA2E93A1C500EB9A79 /* XCLocalSwiftPackageReference "../../Packages/PersistenceKit" */ = {
			isa = XCLocalSwiftPackageReference;
			relativePath = ../../Packages/PersistenceKit;
		};
/* End XCLocalSwiftPackageReference section */

/* Begin XCSwiftPackageProductDependency section */
		AC8CA8962E93A15100EB9A79 /* AnalyticsKit */ = {
			isa = XCSwiftPackageProductDependency;
			productName = AnalyticsKit;
		};
		AC8CA8992E93A16500EB9A79 /* BudgetEngine */ = {
			isa = XCSwiftPackageProductDependency;
			productName = BudgetEngine;
		};
		AC8CA89C2E93A17A00EB9A79 /* CoreTypes */ = {
			isa = XCSwiftPackageProductDependency;
			productName = CoreTypes;
		};
		AC8CA89F2E93A18500EB9A79 /* DesignSystem */ = {
			isa = XCSwiftPackageProductDependency;
			productName = DesignSystem;
		};
		AC8CA8A22E93A19400EB9A79 /* FeatureFlags */ = {
			isa = XCSwiftPackageProductDependency;
			productName = FeatureFlags;
		};
		AC8CA8A52E93A1A700EB9A79 /* LoggingKit */ = {
			isa = XCSwiftPackageProductDependency;
			productName = LoggingKit;
		};
		AC8CA8A82E93A1BA00EB9A79 /* VisionOCRKit */ = {
			isa = XCSwiftPackageProductDependency;
			productName = VisionOCRKit;
		};
		AC8CA8AB2E93A1C500EB9A79 /* PersistenceKit */ = {
			isa = XCSwiftPackageProductDependency;
			productName = PersistenceKit;
		};
/* End XCSwiftPackageProductDependency section */
	};
	rootObject = AC8CA8612E93A11E00EB9A79 /* Project object */;
}
